// !$*UTF8*$!
{
	archiveVersion = 1;
	classes = {
	};
	objectVersion = 46;
	objects = {

/* Begin PBXBuildFile section */
		7B05B5AC1DCAA762003D8A51 /* BBColor.swift in Sources */ = {isa = PBXBuildFile; fileRef = 7B05B5AB1DCAA762003D8A51 /* BBColor.swift */; };
		7B05B5AD1DCAA762003D8A51 /* BBColor.swift in Sources */ = {isa = PBXBuildFile; fileRef = 7B05B5AB1DCAA762003D8A51 /* BBColor.swift */; };
		7B10E8FF1DD55A99005E262F /* NavigationViewController.swift in Sources */ = {isa = PBXBuildFile; fileRef = 7B10E8FD1DD55A99005E262F /* NavigationViewController.swift */; };
		7B10E9031DD5603A005E262F /* CategoriesViewController.swift in Sources */ = {isa = PBXBuildFile; fileRef = 7B10E9011DD5603A005E262F /* CategoriesViewController.swift */; };
		7B120E2A1DAF17BD00A6F660 /* FetchCategoryService.swift in Sources */ = {isa = PBXBuildFile; fileRef = 7B120E291DAF17BD00A6F660 /* FetchCategoryService.swift */; };
		7B120E2B1DAF17BD00A6F660 /* FetchCategoryService.swift in Sources */ = {isa = PBXBuildFile; fileRef = 7B120E291DAF17BD00A6F660 /* FetchCategoryService.swift */; };
		7B120E2D1DAF182300A6F660 /* Category.swift in Sources */ = {isa = PBXBuildFile; fileRef = 7B120E2C1DAF182300A6F660 /* Category.swift */; };
		7B120E2E1DAF182300A6F660 /* Category.swift in Sources */ = {isa = PBXBuildFile; fileRef = 7B120E2C1DAF182300A6F660 /* Category.swift */; };
		7B1AF1211DE954D6002A10A2 /* FlagReasonsService.swift in Sources */ = {isa = PBXBuildFile; fileRef = 7B1AF1201DE954D6002A10A2 /* FlagReasonsService.swift */; };
		7B1AF1231DE95500002A10A2 /* FlagReason.swift in Sources */ = {isa = PBXBuildFile; fileRef = 7B1AF1221DE95500002A10A2 /* FlagReason.swift */; };
		7B34272F1DC80F2E00B310FB /* CardView.xib in Resources */ = {isa = PBXBuildFile; fileRef = 7B34272E1DC80F2E00B310FB /* CardView.xib */; };
		7B3427301DC80F2E00B310FB /* CardView.xib in Resources */ = {isa = PBXBuildFile; fileRef = 7B34272E1DC80F2E00B310FB /* CardView.xib */; };
		7B55B5301C14C4EA005D2F8B /* BBUtil.swift in Sources */ = {isa = PBXBuildFile; fileRef = 7B55B52F1C14C4EA005D2F8B /* BBUtil.swift */; };
		7B55B5311C14C4EA005D2F8B /* BBUtil.swift in Sources */ = {isa = PBXBuildFile; fileRef = 7B55B52F1C14C4EA005D2F8B /* BBUtil.swift */; };
		7B5CDBA31DD8B4EE00F7EB66 /* FetchCategoriesService.swift in Sources */ = {isa = PBXBuildFile; fileRef = 7B5CDBA21DD8B4EE00F7EB66 /* FetchCategoriesService.swift */; };
		7B69606F1DAAF98B001B87DD /* DisableClueService.swift in Sources */ = {isa = PBXBuildFile; fileRef = 7B69606E1DAAF98B001B87DD /* DisableClueService.swift */; };
		7B6960721DAAFA07001B87DD /* APIClient.swift in Sources */ = {isa = PBXBuildFile; fileRef = 7B6960711DAAFA07001B87DD /* APIClient.swift */; };
		7B6960731DAAFA07001B87DD /* APIClient.swift in Sources */ = {isa = PBXBuildFile; fileRef = 7B6960711DAAFA07001B87DD /* APIClient.swift */; };
		7B71C55B1DEBAD0600D7B0F8 /* CardHandler.swift in Sources */ = {isa = PBXBuildFile; fileRef = 7B71C55A1DEBAD0600D7B0F8 /* CardHandler.swift */; };
		7B789B481DAB2D8A007E571C /* ClueTests.swift in Sources */ = {isa = PBXBuildFile; fileRef = 7B789B451DAB2C38007E571C /* ClueTests.swift */; };
		7B9269E41DAB177A005B9382 /* FetchClueService.swift in Sources */ = {isa = PBXBuildFile; fileRef = 7B9269E31DAB177A005B9382 /* FetchClueService.swift */; };
		7B9269E51DAB17A8005B9382 /* FetchClueService.swift in Sources */ = {isa = PBXBuildFile; fileRef = 7B9269E31DAB177A005B9382 /* FetchClueService.swift */; };
		7BA61CAB1DE9DAC20047BED0 /* FlagReason.swift in Sources */ = {isa = PBXBuildFile; fileRef = 7B1AF1221DE95500002A10A2 /* FlagReason.swift */; };
		7BA915501C2A2EF000BABFDB /* Array.swift in Sources */ = {isa = PBXBuildFile; fileRef = 7BA9154F1C2A2EF000BABFDB /* Array.swift */; };
		7BA915511C2A2EF000BABFDB /* Array.swift in Sources */ = {isa = PBXBuildFile; fileRef = 7BA9154F1C2A2EF000BABFDB /* Array.swift */; };
		7BA915531C2A2F1200BABFDB /* String.swift in Sources */ = {isa = PBXBuildFile; fileRef = 7BA915521C2A2F1200BABFDB /* String.swift */; };
		7BA915541C2A2F1200BABFDB /* String.swift in Sources */ = {isa = PBXBuildFile; fileRef = 7BA915521C2A2F1200BABFDB /* String.swift */; };
		7BAF90C91C134F1800CC71A9 /* Card.swift in Sources */ = {isa = PBXBuildFile; fileRef = 7BC8EC921C0D2911004972AD /* Card.swift */; };
		7BAF90CA1C1354F300CC71A9 /* Main.storyboard in Resources */ = {isa = PBXBuildFile; fileRef = 7BC8EC761C0D2805004972AD /* Main.storyboard */; };
		7BC8EC731C0D2805004972AD /* AppDelegate.swift in Sources */ = {isa = PBXBuildFile; fileRef = 7BC8EC721C0D2805004972AD /* AppDelegate.swift */; };
		7BC8EC781C0D2805004972AD /* Main.storyboard in Resources */ = {isa = PBXBuildFile; fileRef = 7BC8EC761C0D2805004972AD /* Main.storyboard */; };
		7BC8EC7A1C0D2805004972AD /* Images.xcassets in Resources */ = {isa = PBXBuildFile; fileRef = 7BC8EC791C0D2805004972AD /* Images.xcassets */; };
		7BC8EC7D1C0D2805004972AD /* LaunchScreen.xib in Resources */ = {isa = PBXBuildFile; fileRef = 7BC8EC7B1C0D2805004972AD /* LaunchScreen.xib */; };
		7BC8EC891C0D2805004972AD /* BBtrebekTests.swift in Sources */ = {isa = PBXBuildFile; fileRef = 7BC8EC881C0D2805004972AD /* BBtrebekTests.swift */; };
		7BC8EC931C0D2911004972AD /* Card.swift in Sources */ = {isa = PBXBuildFile; fileRef = 7BC8EC921C0D2911004972AD /* Card.swift */; };
		7BD96C461DDE73F600FC7231 /* CardViewController.swift in Sources */ = {isa = PBXBuildFile; fileRef = 7BD96C441DDE73F600FC7231 /* CardViewController.swift */; };
		7BD96C471DDE73F600FC7231 /* CardViewController.xib in Resources */ = {isa = PBXBuildFile; fileRef = 7BD96C451DDE73F600FC7231 /* CardViewController.xib */; };
		7BE5C1C31DCFA52100B298B5 /* CardGroup.swift in Sources */ = {isa = PBXBuildFile; fileRef = 7BE5C1C21DCFA52100B298B5 /* CardGroup.swift */; };
		7BE5C1C41DCFA7F300B298B5 /* CardGroup.swift in Sources */ = {isa = PBXBuildFile; fileRef = 7BE5C1C21DCFA52100B298B5 /* CardGroup.swift */; };
		7BFB798A1DE54335004D1509 /* BottomAlignedLabel.swift in Sources */ = {isa = PBXBuildFile; fileRef = 7BFB79891DE54335004D1509 /* BottomAlignedLabel.swift */; };
		FF4B9DC31DBA481A00FEAD8A /* CardView.swift in Sources */ = {isa = PBXBuildFile; fileRef = FF4B9DC21DBA481A00FEAD8A /* CardView.swift */; };
		FF4B9DC41DBA481A00FEAD8A /* CardView.swift in Sources */ = {isa = PBXBuildFile; fileRef = FF4B9DC21DBA481A00FEAD8A /* CardView.swift */; };
/* End PBXBuildFile section */

/* Begin PBXContainerItemProxy section */
		7BC8EC831C0D2805004972AD /* PBXContainerItemProxy */ = {
			isa = PBXContainerItemProxy;
			containerPortal = 7BC8EC651C0D2805004972AD /* Project object */;
			proxyType = 1;
			remoteGlobalIDString = 7BC8EC6C1C0D2805004972AD;
			remoteInfo = BBtrebek;
		};
/* End PBXContainerItemProxy section */

/* Begin PBXFileReference section */
		7B05B5AB1DCAA762003D8A51 /* BBColor.swift */ = {isa = PBXFileReference; fileEncoding = 4; lastKnownFileType = sourcecode.swift; path = BBColor.swift; sourceTree = "<group>"; };
		7B10E8FD1DD55A99005E262F /* NavigationViewController.swift */ = {isa = PBXFileReference; fileEncoding = 4; lastKnownFileType = sourcecode.swift; path = NavigationViewController.swift; sourceTree = "<group>"; };
		7B10E9011DD5603A005E262F /* CategoriesViewController.swift */ = {isa = PBXFileReference; fileEncoding = 4; lastKnownFileType = sourcecode.swift; path = CategoriesViewController.swift; sourceTree = "<group>"; };
		7B120E291DAF17BD00A6F660 /* FetchCategoryService.swift */ = {isa = PBXFileReference; fileEncoding = 4; lastKnownFileType = sourcecode.swift; path = FetchCategoryService.swift; sourceTree = "<group>"; };
		7B120E2C1DAF182300A6F660 /* Category.swift */ = {isa = PBXFileReference; fileEncoding = 4; lastKnownFileType = sourcecode.swift; path = Category.swift; sourceTree = "<group>"; };
		7B1AF1201DE954D6002A10A2 /* FlagReasonsService.swift */ = {isa = PBXFileReference; fileEncoding = 4; lastKnownFileType = sourcecode.swift; path = FlagReasonsService.swift; sourceTree = "<group>"; };
		7B1AF1221DE95500002A10A2 /* FlagReason.swift */ = {isa = PBXFileReference; fileEncoding = 4; lastKnownFileType = sourcecode.swift; path = FlagReason.swift; sourceTree = "<group>"; };
		7B34272E1DC80F2E00B310FB /* CardView.xib */ = {isa = PBXFileReference; fileEncoding = 4; lastKnownFileType = file.xib; path = CardView.xib; sourceTree = "<group>"; };
		7B55B52F1C14C4EA005D2F8B /* BBUtil.swift */ = {isa = PBXFileReference; fileEncoding = 4; lastKnownFileType = sourcecode.swift; path = BBUtil.swift; sourceTree = "<group>"; };
		7B5CDBA21DD8B4EE00F7EB66 /* FetchCategoriesService.swift */ = {isa = PBXFileReference; fileEncoding = 4; lastKnownFileType = sourcecode.swift; path = FetchCategoriesService.swift; sourceTree = "<group>"; };
		7B69606E1DAAF98B001B87DD /* DisableClueService.swift */ = {isa = PBXFileReference; fileEncoding = 4; lastKnownFileType = sourcecode.swift; path = DisableClueService.swift; sourceTree = "<group>"; };
		7B6960711DAAFA07001B87DD /* APIClient.swift */ = {isa = PBXFileReference; fileEncoding = 4; lastKnownFileType = sourcecode.swift; path = APIClient.swift; sourceTree = "<group>"; };
		7B71C55A1DEBAD0600D7B0F8 /* CardHandler.swift */ = {isa = PBXFileReference; fileEncoding = 4; lastKnownFileType = sourcecode.swift; path = CardHandler.swift; sourceTree = "<group>"; };
		7B789B451DAB2C38007E571C /* ClueTests.swift */ = {isa = PBXFileReference; fileEncoding = 4; lastKnownFileType = sourcecode.swift; path = ClueTests.swift; sourceTree = "<group>"; };
		7B9269E31DAB177A005B9382 /* FetchClueService.swift */ = {isa = PBXFileReference; fileEncoding = 4; lastKnownFileType = sourcecode.swift; path = FetchClueService.swift; sourceTree = "<group>"; };
		7BA9154F1C2A2EF000BABFDB /* Array.swift */ = {isa = PBXFileReference; fileEncoding = 4; lastKnownFileType = sourcecode.swift; path = Array.swift; sourceTree = "<group>"; };
		7BA915521C2A2F1200BABFDB /* String.swift */ = {isa = PBXFileReference; fileEncoding = 4; lastKnownFileType = sourcecode.swift; path = String.swift; sourceTree = "<group>"; };
		7BC8EC6D1C0D2805004972AD /* BBtrebek.app */ = {isa = PBXFileReference; explicitFileType = wrapper.application; includeInIndex = 0; path = BBtrebek.app; sourceTree = BUILT_PRODUCTS_DIR; };
		7BC8EC711C0D2805004972AD /* Info.plist */ = {isa = PBXFileReference; lastKnownFileType = text.plist.xml; path = Info.plist; sourceTree = "<group>"; };
		7BC8EC721C0D2805004972AD /* AppDelegate.swift */ = {isa = PBXFileReference; lastKnownFileType = sourcecode.swift; path = AppDelegate.swift; sourceTree = "<group>"; };
		7BC8EC771C0D2805004972AD /* Base */ = {isa = PBXFileReference; lastKnownFileType = file.storyboard; name = Base; path = Base.lproj/Main.storyboard; sourceTree = "<group>"; };
		7BC8EC791C0D2805004972AD /* Images.xcassets */ = {isa = PBXFileReference; lastKnownFileType = folder.assetcatalog; path = Images.xcassets; sourceTree = "<group>"; };
		7BC8EC7C1C0D2805004972AD /* Base */ = {isa = PBXFileReference; lastKnownFileType = file.xib; name = Base; path = Base.lproj/LaunchScreen.xib; sourceTree = "<group>"; };
		7BC8EC821C0D2805004972AD /* BBtrebekTests.xctest */ = {isa = PBXFileReference; explicitFileType = wrapper.cfbundle; includeInIndex = 0; path = BBtrebekTests.xctest; sourceTree = BUILT_PRODUCTS_DIR; };
		7BC8EC871C0D2805004972AD /* Info.plist */ = {isa = PBXFileReference; lastKnownFileType = text.plist.xml; path = Info.plist; sourceTree = "<group>"; };
		7BC8EC881C0D2805004972AD /* BBtrebekTests.swift */ = {isa = PBXFileReference; lastKnownFileType = sourcecode.swift; path = BBtrebekTests.swift; sourceTree = "<group>"; };
		7BC8EC921C0D2911004972AD /* Card.swift */ = {isa = PBXFileReference; fileEncoding = 4; lastKnownFileType = sourcecode.swift; path = Card.swift; sourceTree = "<group>"; };
		7BD96C441DDE73F600FC7231 /* CardViewController.swift */ = {isa = PBXFileReference; fileEncoding = 4; lastKnownFileType = sourcecode.swift; path = CardViewController.swift; sourceTree = "<group>"; };
		7BD96C451DDE73F600FC7231 /* CardViewController.xib */ = {isa = PBXFileReference; fileEncoding = 4; lastKnownFileType = file.xib; path = CardViewController.xib; sourceTree = "<group>"; };
		7BE5C1C21DCFA52100B298B5 /* CardGroup.swift */ = {isa = PBXFileReference; fileEncoding = 4; lastKnownFileType = sourcecode.swift; path = CardGroup.swift; sourceTree = "<group>"; };
		7BFB79891DE54335004D1509 /* BottomAlignedLabel.swift */ = {isa = PBXFileReference; fileEncoding = 4; lastKnownFileType = sourcecode.swift; path = BottomAlignedLabel.swift; sourceTree = "<group>"; };
		FF4B9DC21DBA481A00FEAD8A /* CardView.swift */ = {isa = PBXFileReference; fileEncoding = 4; lastKnownFileType = sourcecode.swift; path = CardView.swift; sourceTree = "<group>"; };
/* End PBXFileReference section */

/* Begin PBXFrameworksBuildPhase section */
		7BC8EC6A1C0D2805004972AD /* Frameworks */ = {
			isa = PBXFrameworksBuildPhase;
			buildActionMask = 2147483647;
			files = (
			);
			runOnlyForDeploymentPostprocessing = 0;
		};
		7BC8EC7F1C0D2805004972AD /* Frameworks */ = {
			isa = PBXFrameworksBuildPhase;
			buildActionMask = 2147483647;
			files = (
			);
			runOnlyForDeploymentPostprocessing = 0;
		};
/* End PBXFrameworksBuildPhase section */

/* Begin PBXGroup section */
		7B2CC2F21DEE4A70006B6966 /* DataSources */ = {
			isa = PBXGroup;
			children = (
			);
			name = DataSources;
			sourceTree = "<group>";
		};
		7B3427241DC6705F00B310FB /* Views */ = {
			isa = PBXGroup;
			children = (
				FF4B9DC21DBA481A00FEAD8A /* CardView.swift */,
				7B34272E1DC80F2E00B310FB /* CardView.xib */,
				7BFB79891DE54335004D1509 /* BottomAlignedLabel.swift */,
			);
			name = Views;
			sourceTree = "<group>";
		};
		7B69606D1DAAF968001B87DD /* Services */ = {
			isa = PBXGroup;
			children = (
				7B69606E1DAAF98B001B87DD /* DisableClueService.swift */,
				7B6960711DAAFA07001B87DD /* APIClient.swift */,
				7B9269E31DAB177A005B9382 /* FetchClueService.swift */,
				7B120E291DAF17BD00A6F660 /* FetchCategoryService.swift */,
				7B5CDBA21DD8B4EE00F7EB66 /* FetchCategoriesService.swift */,
				7B1AF1201DE954D6002A10A2 /* FlagReasonsService.swift */,
			);
			name = Services;
			sourceTree = "<group>";
		};
		7B71C5571DEBA8AB00D7B0F8 /* Delegates */ = {
			isa = PBXGroup;
			children = (
				7B71C55A1DEBAD0600D7B0F8 /* CardHandler.swift */,
			);
			name = Delegates;
			sourceTree = "<group>";
		};
		7BA915561C2A304900BABFDB /* Extensions */ = {
			isa = PBXGroup;
			children = (
				7BA915521C2A2F1200BABFDB /* String.swift */,
				7BA9154F1C2A2EF000BABFDB /* Array.swift */,
			);
			name = Extensions;
			sourceTree = "<group>";
		};
		7BA915571C2A313F00BABFDB /* Models */ = {
			isa = PBXGroup;
			children = (
				7BC8EC921C0D2911004972AD /* Card.swift */,
				7B120E2C1DAF182300A6F660 /* Category.swift */,
				7B1AF1221DE95500002A10A2 /* FlagReason.swift */,
			);
			name = Models;
			sourceTree = "<group>";
		};
		7BC8EC641C0D2805004972AD = {
			isa = PBXGroup;
			children = (
				7BC8EC6F1C0D2805004972AD /* BBtrebek */,
				7BC8EC851C0D2805004972AD /* BBtrebekTests */,
				7BC8EC6E1C0D2805004972AD /* Products */,
			);
			sourceTree = "<group>";
		};
		7BC8EC6E1C0D2805004972AD /* Products */ = {
			isa = PBXGroup;
			children = (
				7BC8EC6D1C0D2805004972AD /* BBtrebek.app */,
				7BC8EC821C0D2805004972AD /* BBtrebekTests.xctest */,
			);
			name = Products;
			sourceTree = "<group>";
		};
		7BC8EC6F1C0D2805004972AD /* BBtrebek */ = {
			isa = PBXGroup;
			children = (
				7BD96C481DDE74E500FC7231 /* UI */,
				7B69606D1DAAF968001B87DD /* Services */,
				7BC8EC721C0D2805004972AD /* AppDelegate.swift */,
				7B05B5AB1DCAA762003D8A51 /* BBColor.swift */,
				7B55B52F1C14C4EA005D2F8B /* BBUtil.swift */,
				7BC8EC791C0D2805004972AD /* Images.xcassets */,
				7BC8EC7B1C0D2805004972AD /* LaunchScreen.xib */,
				7BC8EC701C0D2805004972AD /* Supporting Files */,
				7BA915561C2A304900BABFDB /* Extensions */,
				7BA915571C2A313F00BABFDB /* Models */,
			);
			path = BBtrebek;
			sourceTree = "<group>";
		};
		7BC8EC701C0D2805004972AD /* Supporting Files */ = {
			isa = PBXGroup;
			children = (
				7BC8EC711C0D2805004972AD /* Info.plist */,
			);
			name = "Supporting Files";
			sourceTree = "<group>";
		};
		7BC8EC851C0D2805004972AD /* BBtrebekTests */ = {
			isa = PBXGroup;
			children = (
				7BC8EC881C0D2805004972AD /* BBtrebekTests.swift */,
				7BC8EC861C0D2805004972AD /* Supporting Files */,
				7B789B451DAB2C38007E571C /* ClueTests.swift */,
			);
			path = BBtrebekTests;
			sourceTree = "<group>";
		};
		7BC8EC861C0D2805004972AD /* Supporting Files */ = {
			isa = PBXGroup;
			children = (
				7BC8EC871C0D2805004972AD /* Info.plist */,
			);
			name = "Supporting Files";
			sourceTree = "<group>";
		};
		7BD96C481DDE74E500FC7231 /* UI */ = {
			isa = PBXGroup;
			children = (
				7B2CC2F21DEE4A70006B6966 /* DataSources */,
				7B71C5571DEBA8AB00D7B0F8 /* Delegates */,
				7BE5C1C21DCFA52100B298B5 /* CardGroup.swift */,
				7B3427241DC6705F00B310FB /* Views */,
				7BD96C491DDE750700FC7231 /* Controllers */,
				7BC8EC761C0D2805004972AD /* Main.storyboard */,
			);
			name = UI;
			sourceTree = "<group>";
		};
		7BD96C491DDE750700FC7231 /* Controllers */ = {
			isa = PBXGroup;
			children = (
				7BD96C441DDE73F600FC7231 /* CardViewController.swift */,
				7BD96C451DDE73F600FC7231 /* CardViewController.xib */,
				7B10E8FD1DD55A99005E262F /* NavigationViewController.swift */,
				7B10E9011DD5603A005E262F /* CategoriesViewController.swift */,
			);
			name = Controllers;
			sourceTree = "<group>";
		};
/* End PBXGroup section */

/* Begin PBXNativeTarget section */
		7BC8EC6C1C0D2805004972AD /* BBtrebek */ = {
			isa = PBXNativeTarget;
			buildConfigurationList = 7BC8EC8C1C0D2805004972AD /* Build configuration list for PBXNativeTarget "BBtrebek" */;
			buildPhases = (
				7BC8EC691C0D2805004972AD /* Sources */,
				7BC8EC6A1C0D2805004972AD /* Frameworks */,
				7BC8EC6B1C0D2805004972AD /* Resources */,
			);
			buildRules = (
			);
			dependencies = (
			);
			name = BBtrebek;
			productName = BBtrebek;
			productReference = 7BC8EC6D1C0D2805004972AD /* BBtrebek.app */;
			productType = "com.apple.product-type.application";
		};
		7BC8EC811C0D2805004972AD /* BBtrebekTests */ = {
			isa = PBXNativeTarget;
			buildConfigurationList = 7BC8EC8F1C0D2805004972AD /* Build configuration list for PBXNativeTarget "BBtrebekTests" */;
			buildPhases = (
				7BC8EC7E1C0D2805004972AD /* Sources */,
				7BC8EC7F1C0D2805004972AD /* Frameworks */,
				7BC8EC801C0D2805004972AD /* Resources */,
			);
			buildRules = (
			);
			dependencies = (
				7BC8EC841C0D2805004972AD /* PBXTargetDependency */,
			);
			name = BBtrebekTests;
			productName = BBtrebekTests;
			productReference = 7BC8EC821C0D2805004972AD /* BBtrebekTests.xctest */;
			productType = "com.apple.product-type.bundle.unit-test";
		};
/* End PBXNativeTarget section */

/* Begin PBXProject section */
		7BC8EC651C0D2805004972AD /* Project object */ = {
			isa = PBXProject;
			attributes = {
				LastSwiftMigration = 0710;
				LastSwiftUpdateCheck = 0710;
				LastUpgradeCheck = 0800;
				ORGANIZATIONNAME = "Dean Silfen";
				TargetAttributes = {
					7BC8EC6C1C0D2805004972AD = {
						CreatedOnToolsVersion = 6.4;
						DevelopmentTeam = NRNGV5PHUG;
						LastSwiftMigration = 0800;
						ProvisioningStyle = Automatic;
					};
					7BC8EC811C0D2805004972AD = {
						CreatedOnToolsVersion = 6.4;
						DevelopmentTeam = NRNGV5PHUG;
						LastSwiftMigration = 0800;
						TestTargetID = 7BC8EC6C1C0D2805004972AD;
					};
				};
			};
			buildConfigurationList = 7BC8EC681C0D2805004972AD /* Build configuration list for PBXProject "BBtrebek" */;
			compatibilityVersion = "Xcode 3.2";
			developmentRegion = English;
			hasScannedForEncodings = 0;
			knownRegions = (
				en,
				Base,
			);
			mainGroup = 7BC8EC641C0D2805004972AD;
			productRefGroup = 7BC8EC6E1C0D2805004972AD /* Products */;
			projectDirPath = "";
			projectRoot = "";
			targets = (
				7BC8EC6C1C0D2805004972AD /* BBtrebek */,
				7BC8EC811C0D2805004972AD /* BBtrebekTests */,
			);
		};
/* End PBXProject section */

/* Begin PBXResourcesBuildPhase section */
		7BC8EC6B1C0D2805004972AD /* Resources */ = {
			isa = PBXResourcesBuildPhase;
			buildActionMask = 2147483647;
			files = (
				7BC8EC781C0D2805004972AD /* Main.storyboard in Resources */,
				7B34272F1DC80F2E00B310FB /* CardView.xib in Resources */,
				7BD96C471DDE73F600FC7231 /* CardViewController.xib in Resources */,
				7BC8EC7D1C0D2805004972AD /* LaunchScreen.xib in Resources */,
				7BC8EC7A1C0D2805004972AD /* Images.xcassets in Resources */,
			);
			runOnlyForDeploymentPostprocessing = 0;
		};
		7BC8EC801C0D2805004972AD /* Resources */ = {
			isa = PBXResourcesBuildPhase;
			buildActionMask = 2147483647;
			files = (
				7BAF90CA1C1354F300CC71A9 /* Main.storyboard in Resources */,
				7B3427301DC80F2E00B310FB /* CardView.xib in Resources */,
			);
			runOnlyForDeploymentPostprocessing = 0;
		};
/* End PBXResourcesBuildPhase section */

/* Begin PBXSourcesBuildPhase section */
		7BC8EC691C0D2805004972AD /* Sources */ = {
			isa = PBXSourcesBuildPhase;
			buildActionMask = 2147483647;
			files = (
				7B05B5AC1DCAA762003D8A51 /* BBColor.swift in Sources */,
				7BC8EC931C0D2911004972AD /* Card.swift in Sources */,
				7B10E9031DD5603A005E262F /* CategoriesViewController.swift in Sources */,
				7B71C55B1DEBAD0600D7B0F8 /* CardHandler.swift in Sources */,
				7B120E2D1DAF182300A6F660 /* Category.swift in Sources */,
				7BA915531C2A2F1200BABFDB /* String.swift in Sources */,
				7B10E8FF1DD55A99005E262F /* NavigationViewController.swift in Sources */,
				7B55B5301C14C4EA005D2F8B /* BBUtil.swift in Sources */,
				FF4B9DC31DBA481A00FEAD8A /* CardView.swift in Sources */,
				7BA915501C2A2EF000BABFDB /* Array.swift in Sources */,
				7B1AF1211DE954D6002A10A2 /* FlagReasonsService.swift in Sources */,
				7B9269E41DAB177A005B9382 /* FetchClueService.swift in Sources */,
				7B6960721DAAFA07001B87DD /* APIClient.swift in Sources */,
				7B120E2A1DAF17BD00A6F660 /* FetchCategoryService.swift in Sources */,
				7BFB798A1DE54335004D1509 /* BottomAlignedLabel.swift in Sources */,
				7B5CDBA31DD8B4EE00F7EB66 /* FetchCategoriesService.swift in Sources */,
				7BE5C1C31DCFA52100B298B5 /* CardGroup.swift in Sources */,
				7BD96C461DDE73F600FC7231 /* CardViewController.swift in Sources */,
				7B1AF1231DE95500002A10A2 /* FlagReason.swift in Sources */,
				7B69606F1DAAF98B001B87DD /* DisableClueService.swift in Sources */,
				7BC8EC731C0D2805004972AD /* AppDelegate.swift in Sources */,
			);
			runOnlyForDeploymentPostprocessing = 0;
		};
		7BC8EC7E1C0D2805004972AD /* Sources */ = {
			isa = PBXSourcesBuildPhase;
			buildActionMask = 2147483647;
			files = (
				7B789B481DAB2D8A007E571C /* ClueTests.swift in Sources */,
				7B9269E51DAB17A8005B9382 /* FetchClueService.swift in Sources */,
				7B6960731DAAFA07001B87DD /* APIClient.swift in Sources */,
				7BAF90C91C134F1800CC71A9 /* Card.swift in Sources */,
				7BA915541C2A2F1200BABFDB /* String.swift in Sources */,
				7B55B5311C14C4EA005D2F8B /* BBUtil.swift in Sources */,
				7B120E2E1DAF182300A6F660 /* Category.swift in Sources */,
				7BE5C1C41DCFA7F300B298B5 /* CardGroup.swift in Sources */,
				FF4B9DC41DBA481A00FEAD8A /* CardView.swift in Sources */,
				7BA61CAB1DE9DAC20047BED0 /* FlagReason.swift in Sources */,
				7B05B5AD1DCAA762003D8A51 /* BBColor.swift in Sources */,
				7BA915511C2A2EF000BABFDB /* Array.swift in Sources */,
				7B120E2B1DAF17BD00A6F660 /* FetchCategoryService.swift in Sources */,
				7BC8EC891C0D2805004972AD /* BBtrebekTests.swift in Sources */,
			);
			runOnlyForDeploymentPostprocessing = 0;
		};
/* End PBXSourcesBuildPhase section */

/* Begin PBXTargetDependency section */
		7BC8EC841C0D2805004972AD /* PBXTargetDependency */ = {
			isa = PBXTargetDependency;
			target = 7BC8EC6C1C0D2805004972AD /* BBtrebek */;
			targetProxy = 7BC8EC831C0D2805004972AD /* PBXContainerItemProxy */;
		};
/* End PBXTargetDependency section */

/* Begin PBXVariantGroup section */
		7BC8EC761C0D2805004972AD /* Main.storyboard */ = {
			isa = PBXVariantGroup;
			children = (
				7BC8EC771C0D2805004972AD /* Base */,
			);
			name = Main.storyboard;
			sourceTree = "<group>";
		};
		7BC8EC7B1C0D2805004972AD /* LaunchScreen.xib */ = {
			isa = PBXVariantGroup;
			children = (
				7BC8EC7C1C0D2805004972AD /* Base */,
			);
			name = LaunchScreen.xib;
			sourceTree = "<group>";
		};
/* End PBXVariantGroup section */

/* Begin XCBuildConfiguration section */
		7BC8EC8A1C0D2805004972AD /* Debug */ = {
			isa = XCBuildConfiguration;
			buildSettings = {
				ALWAYS_SEARCH_USER_PATHS = NO;
				CLANG_CXX_LANGUAGE_STANDARD = "gnu++0x";
				CLANG_CXX_LIBRARY = "libc++";
				CLANG_ENABLE_MODULES = YES;
				CLANG_ENABLE_OBJC_ARC = YES;
				CLANG_WARN_BOOL_CONVERSION = YES;
				CLANG_WARN_CONSTANT_CONVERSION = YES;
				CLANG_WARN_DIRECT_OBJC_ISA_USAGE = YES_ERROR;
				CLANG_WARN_EMPTY_BODY = YES;
				CLANG_WARN_ENUM_CONVERSION = YES;
				CLANG_WARN_INFINITE_RECURSION = YES;
				CLANG_WARN_INT_CONVERSION = YES;
				CLANG_WARN_OBJC_ROOT_CLASS = YES_ERROR;
				CLANG_WARN_SUSPICIOUS_MOVE = YES;
				CLANG_WARN_UNREACHABLE_CODE = YES;
				CLANG_WARN__DUPLICATE_METHOD_MATCH = YES;
				CODE_SIGN_IDENTITY = "iPhone Developer";
				"CODE_SIGN_IDENTITY[sdk=iphoneos*]" = "iPhone Developer";
				COPY_PHASE_STRIP = NO;
				DEBUG_INFORMATION_FORMAT = "dwarf-with-dsym";
				DEVELOPMENT_TEAM = NRNGV5PHUG;
				ENABLE_STRICT_OBJC_MSGSEND = YES;
				ENABLE_TESTABILITY = YES;
				GCC_C_LANGUAGE_STANDARD = gnu99;
				GCC_DYNAMIC_NO_PIC = NO;
				GCC_NO_COMMON_BLOCKS = YES;
				GCC_OPTIMIZATION_LEVEL = 0;
				GCC_PREPROCESSOR_DEFINITIONS = (
					"DEBUG=1",
					"$(inherited)",
				);
				GCC_SYMBOLS_PRIVATE_EXTERN = NO;
				GCC_WARN_64_TO_32_BIT_CONVERSION = YES;
				GCC_WARN_ABOUT_RETURN_TYPE = YES_ERROR;
				GCC_WARN_UNDECLARED_SELECTOR = YES;
				GCC_WARN_UNINITIALIZED_AUTOS = YES_AGGRESSIVE;
				GCC_WARN_UNUSED_FUNCTION = YES;
				GCC_WARN_UNUSED_VARIABLE = YES;
				IPHONEOS_DEPLOYMENT_TARGET = 10.0;
				MTL_ENABLE_DEBUG_INFO = YES;
				ONLY_ACTIVE_ARCH = YES;
				PRODUCT_NAME = "Debug Cards - Flash Cards for Friendly People";
				"PROVISIONING_PROFILE_SPECIFIER[sdk=iphoneos10.0]" = "";
				SDKROOT = iphoneos;
				SWIFT_OPTIMIZATION_LEVEL = "-Onone";
				TARGETED_DEVICE_FAMILY = "1,2";
			};
			name = Debug;
		};
		7BC8EC8B1C0D2805004972AD /* Release */ = {
			isa = XCBuildConfiguration;
			buildSettings = {
				ALWAYS_SEARCH_USER_PATHS = NO;
				CLANG_CXX_LANGUAGE_STANDARD = "gnu++0x";
				CLANG_CXX_LIBRARY = "libc++";
				CLANG_ENABLE_MODULES = YES;
				CLANG_ENABLE_OBJC_ARC = YES;
				CLANG_WARN_BOOL_CONVERSION = YES;
				CLANG_WARN_CONSTANT_CONVERSION = YES;
				CLANG_WARN_DIRECT_OBJC_ISA_USAGE = YES_ERROR;
				CLANG_WARN_EMPTY_BODY = YES;
				CLANG_WARN_ENUM_CONVERSION = YES;
				CLANG_WARN_INFINITE_RECURSION = YES;
				CLANG_WARN_INT_CONVERSION = YES;
				CLANG_WARN_OBJC_ROOT_CLASS = YES_ERROR;
				CLANG_WARN_SUSPICIOUS_MOVE = YES;
				CLANG_WARN_UNREACHABLE_CODE = YES;
				CLANG_WARN__DUPLICATE_METHOD_MATCH = YES;
				CODE_SIGN_IDENTITY = "iPhone Developer";
				"CODE_SIGN_IDENTITY[sdk=iphoneos*]" = "iPhone Developer";
				COPY_PHASE_STRIP = NO;
				DEBUG_INFORMATION_FORMAT = "dwarf-with-dsym";
				DEVELOPMENT_TEAM = NRNGV5PHUG;
				ENABLE_NS_ASSERTIONS = NO;
				ENABLE_STRICT_OBJC_MSGSEND = YES;
				GCC_C_LANGUAGE_STANDARD = gnu99;
				GCC_NO_COMMON_BLOCKS = YES;
				GCC_WARN_64_TO_32_BIT_CONVERSION = YES;
				GCC_WARN_ABOUT_RETURN_TYPE = YES_ERROR;
				GCC_WARN_UNDECLARED_SELECTOR = YES;
				GCC_WARN_UNINITIALIZED_AUTOS = YES_AGGRESSIVE;
				GCC_WARN_UNUSED_FUNCTION = YES;
				GCC_WARN_UNUSED_VARIABLE = YES;
				IPHONEOS_DEPLOYMENT_TARGET = 10.0;
				MTL_ENABLE_DEBUG_INFO = NO;
				PRODUCT_NAME = "Trivia Cards - Flash Cards for Friendly People";
				SDKROOT = iphoneos;
				SWIFT_OPTIMIZATION_LEVEL = "-Owholemodule";
				TARGETED_DEVICE_FAMILY = "1,2";
				VALIDATE_PRODUCT = YES;
			};
			name = Release;
		};
		7BC8EC8D1C0D2805004972AD /* Debug */ = {
			isa = XCBuildConfiguration;
			buildSettings = {
				ASSETCATALOG_COMPILER_APPICON_NAME = AppIcon;
				ASSETCATALOG_COMPILER_LAUNCHIMAGE_NAME = LaunchImage;
				CODE_SIGN_IDENTITY = "iPhone Developer: Dean Silfen (932LU7U4D7)";
				"CODE_SIGN_IDENTITY[sdk=iphoneos*]" = "iPhone Developer";
				DEVELOPMENT_TEAM = NRNGV5PHUG;
				INFOPLIST_FILE = BBtrebek/Info.plist;
				IPHONEOS_DEPLOYMENT_TARGET = 10.0;
				LD_RUNPATH_SEARCH_PATHS = "$(inherited) @executable_path/Frameworks";
				PRODUCT_BUNDLE_IDENTIFIER = com.deanrex.TriviaCards;
				PRODUCT_NAME = "$(TARGET_NAME)";
				SWIFT_VERSION = 3.0;
				TARGETED_DEVICE_FAMILY = "1,2";
			};
			name = Debug;
		};
		7BC8EC8E1C0D2805004972AD /* Release */ = {
			isa = XCBuildConfiguration;
			buildSettings = {
				ASSETCATALOG_COMPILER_APPICON_NAME = AppIcon;
				ASSETCATALOG_COMPILER_LAUNCHIMAGE_NAME = LaunchImage;
				CODE_SIGN_IDENTITY = "iPhone Distribution: Dean Silfen (NRNGV5PHUG)";
				"CODE_SIGN_IDENTITY[sdk=iphoneos*]" = "iPhone Developer";
				DEVELOPMENT_TEAM = NRNGV5PHUG;
				INFOPLIST_FILE = BBtrebek/Info.plist;
				IPHONEOS_DEPLOYMENT_TARGET = 10.0;
				LD_RUNPATH_SEARCH_PATHS = "$(inherited) @executable_path/Frameworks";
				PRODUCT_BUNDLE_IDENTIFIER = com.deanrex.TriviaCards;
				PRODUCT_NAME = "$(TARGET_NAME)";
				SWIFT_VERSION = 3.0;
				TARGETED_DEVICE_FAMILY = "1,2";
			};
			name = Release;
		};
		7BC8EC901C0D2805004972AD /* Debug */ = {
			isa = XCBuildConfiguration;
			buildSettings = {
				BUNDLE_LOADER = "$(TEST_HOST)";
				FRAMEWORK_SEARCH_PATHS = (
					"$(SDKROOT)/Developer/Library/Frameworks",
					"$(inherited)",
				);
				GCC_PREPROCESSOR_DEFINITIONS = (
					"DEBUG=1",
					"$(inherited)",
				);
				INFOPLIST_FILE = BBtrebekTests/Info.plist;
				LD_RUNPATH_SEARCH_PATHS = "$(inherited) @executable_path/Frameworks @loader_path/Frameworks";
				PRODUCT_BUNDLE_IDENTIFIER = "com.example.$(PRODUCT_NAME:rfc1034identifier)";
				PRODUCT_NAME = "$(TARGET_NAME)";
				SWIFT_VERSION = 3.0;
				TEST_HOST = "$(BUILT_PRODUCTS_DIR)/BBtrebek.app/BBtrebek";
			};
			name = Debug;
		};
		7BC8EC911C0D2805004972AD /* Release */ = {
			isa = XCBuildConfiguration;
			buildSettings = {
				BUNDLE_LOADER = "$(TEST_HOST)";
				FRAMEWORK_SEARCH_PATHS = (
					"$(SDKROOT)/Developer/Library/Frameworks",
					"$(inherited)",
				);
				INFOPLIST_FILE = BBtrebekTests/Info.plist;
				LD_RUNPATH_SEARCH_PATHS = "$(inherited) @executable_path/Frameworks @loader_path/Frameworks";
				PRODUCT_BUNDLE_IDENTIFIER = "com.example.$(PRODUCT_NAME:rfc1034identifier)";
				PRODUCT_NAME = "$(TARGET_NAME)";
				SWIFT_VERSION = 3.0;
				TEST_HOST = "$(BUILT_PRODUCTS_DIR)/BBtrebek.app/BBtrebek";
			};
			name = Release;
		};
/* End XCBuildConfiguration section */

/* Begin XCConfigurationList section */
		7BC8EC681C0D2805004972AD /* Build configuration list for PBXProject "BBtrebek" */ = {
			isa = XCConfigurationList;
			buildConfigurations = (
				7BC8EC8A1C0D2805004972AD /* Debug */,
				7BC8EC8B1C0D2805004972AD /* Release */,
			);
			defaultConfigurationIsVisible = 0;
			defaultConfigurationName = Release;
		};
		7BC8EC8C1C0D2805004972AD /* Build configuration list for PBXNativeTarget "BBtrebek" */ = {
			isa = XCConfigurationList;
			buildConfigurations = (
				7BC8EC8D1C0D2805004972AD /* Debug */,
				7BC8EC8E1C0D2805004972AD /* Release */,
			);
			defaultConfigurationIsVisible = 0;
			defaultConfigurationName = Release;
		};
		7BC8EC8F1C0D2805004972AD /* Build configuration list for PBXNativeTarget "BBtrebekTests" */ = {
			isa = XCConfigurationList;
			buildConfigurations = (
				7BC8EC901C0D2805004972AD /* Debug */,
				7BC8EC911C0D2805004972AD /* Release */,
			);
			defaultConfigurationIsVisible = 0;
			defaultConfigurationName = Release;
		};
/* End XCConfigurationList section */
	};
	rootObject = 7BC8EC651C0D2805004972AD /* Project object */;
}
