// !$*UTF8*$!
{
	archiveVersion = 1;
	classes = {
	};
	objectVersion = 46;
	objects = {

/* Begin PBXBuildFile section */
		7B55B5301C14C4EA005D2F8B /* Utils.swift in Sources */ = {isa = PBXBuildFile; fileRef = 7B55B52F1C14C4EA005D2F8B /* Utils.swift */; };
		7B55B5311C14C4EA005D2F8B /* Utils.swift in Sources */ = {isa = PBXBuildFile; fileRef = 7B55B52F1C14C4EA005D2F8B /* Utils.swift */; };
		7B58B3961C12BF7B007C4A1A /* NewGameController.swift in Sources */ = {isa = PBXBuildFile; fileRef = 7B58B3941C12BF7B007C4A1A /* NewGameController.swift */; };
		7B58B3981C12BFF7007C4A1A /* Player.swift in Sources */ = {isa = PBXBuildFile; fileRef = 7B58B3971C12BFF7007C4A1A /* Player.swift */; };
		7B58B3991C12BFF7007C4A1A /* Player.swift in Sources */ = {isa = PBXBuildFile; fileRef = 7B58B3971C12BFF7007C4A1A /* Player.swift */; };
		7BAF90C71C134EDD00CC71A9 /* ViewController.swift in Sources */ = {isa = PBXBuildFile; fileRef = 7BC8EC741C0D2805004972AD /* ViewController.swift */; };
		7BAF90C81C134F0200CC71A9 /* NewGameController.swift in Sources */ = {isa = PBXBuildFile; fileRef = 7B58B3941C12BF7B007C4A1A /* NewGameController.swift */; };
		7BAF90C91C134F1800CC71A9 /* Clue.swift in Sources */ = {isa = PBXBuildFile; fileRef = 7BC8EC921C0D2911004972AD /* Clue.swift */; };
		7BAF90CA1C1354F300CC71A9 /* Main.storyboard in Resources */ = {isa = PBXBuildFile; fileRef = 7BC8EC761C0D2805004972AD /* Main.storyboard */; };
		7BC8EC731C0D2805004972AD /* AppDelegate.swift in Sources */ = {isa = PBXBuildFile; fileRef = 7BC8EC721C0D2805004972AD /* AppDelegate.swift */; };
		7BC8EC751C0D2805004972AD /* ViewController.swift in Sources */ = {isa = PBXBuildFile; fileRef = 7BC8EC741C0D2805004972AD /* ViewController.swift */; };
		7BC8EC781C0D2805004972AD /* Main.storyboard in Resources */ = {isa = PBXBuildFile; fileRef = 7BC8EC761C0D2805004972AD /* Main.storyboard */; };
		7BC8EC7A1C0D2805004972AD /* Images.xcassets in Resources */ = {isa = PBXBuildFile; fileRef = 7BC8EC791C0D2805004972AD /* Images.xcassets */; };
		7BC8EC7D1C0D2805004972AD /* LaunchScreen.xib in Resources */ = {isa = PBXBuildFile; fileRef = 7BC8EC7B1C0D2805004972AD /* LaunchScreen.xib */; };
		7BC8EC891C0D2805004972AD /* BBtrebekTests.swift in Sources */ = {isa = PBXBuildFile; fileRef = 7BC8EC881C0D2805004972AD /* BBtrebekTests.swift */; };
		7BC8EC931C0D2911004972AD /* Clue.swift in Sources */ = {isa = PBXBuildFile; fileRef = 7BC8EC921C0D2911004972AD /* Clue.swift */; };
/* End PBXBuildFile section */

/* Begin PBXContainerItemProxy section */
		7BC8EC831C0D2805004972AD /* PBXContainerItemProxy */ = {
			isa = PBXContainerItemProxy;
			containerPortal = 7BC8EC651C0D2805004972AD /* Project object */;
			proxyType = 1;
			remoteGlobalIDString = 7BC8EC6C1C0D2805004972AD;
			remoteInfo = BBtrebek;
		};
/* End PBXContainerItemProxy section */

/* Begin PBXFileReference section */
		7B55B52F1C14C4EA005D2F8B /* Utils.swift */ = {isa = PBXFileReference; fileEncoding = 4; lastKnownFileType = sourcecode.swift; path = Utils.swift; sourceTree = "<group>"; };
		7B58B3941C12BF7B007C4A1A /* NewGameController.swift */ = {isa = PBXFileReference; fileEncoding = 4; lastKnownFileType = sourcecode.swift; path = NewGameController.swift; sourceTree = "<group>"; };
		7B58B3971C12BFF7007C4A1A /* Player.swift */ = {isa = PBXFileReference; fileEncoding = 4; lastKnownFileType = sourcecode.swift; path = Player.swift; sourceTree = "<group>"; };
		7BC8EC6D1C0D2805004972AD /* BBtrebek.app */ = {isa = PBXFileReference; explicitFileType = wrapper.application; includeInIndex = 0; path = BBtrebek.app; sourceTree = BUILT_PRODUCTS_DIR; };
		7BC8EC711C0D2805004972AD /* Info.plist */ = {isa = PBXFileReference; lastKnownFileType = text.plist.xml; path = Info.plist; sourceTree = "<group>"; };
		7BC8EC721C0D2805004972AD /* AppDelegate.swift */ = {isa = PBXFileReference; lastKnownFileType = sourcecode.swift; path = AppDelegate.swift; sourceTree = "<group>"; };
		7BC8EC741C0D2805004972AD /* ViewController.swift */ = {isa = PBXFileReference; lastKnownFileType = sourcecode.swift; path = ViewController.swift; sourceTree = "<group>"; };
		7BC8EC771C0D2805004972AD /* Base */ = {isa = PBXFileReference; lastKnownFileType = file.storyboard; name = Base; path = Base.lproj/Main.storyboard; sourceTree = "<group>"; };
		7BC8EC791C0D2805004972AD /* Images.xcassets */ = {isa = PBXFileReference; lastKnownFileType = folder.assetcatalog; path = Images.xcassets; sourceTree = "<group>"; };
		7BC8EC7C1C0D2805004972AD /* Base */ = {isa = PBXFileReference; lastKnownFileType = file.xib; name = Base; path = Base.lproj/LaunchScreen.xib; sourceTree = "<group>"; };
		7BC8EC821C0D2805004972AD /* BBtrebekTests.xctest */ = {isa = PBXFileReference; explicitFileType = wrapper.cfbundle; includeInIndex = 0; path = BBtrebekTests.xctest; sourceTree = BUILT_PRODUCTS_DIR; };
		7BC8EC871C0D2805004972AD /* Info.plist */ = {isa = PBXFileReference; lastKnownFileType = text.plist.xml; path = Info.plist; sourceTree = "<group>"; };
		7BC8EC881C0D2805004972AD /* BBtrebekTests.swift */ = {isa = PBXFileReference; lastKnownFileType = sourcecode.swift; path = BBtrebekTests.swift; sourceTree = "<group>"; };
		7BC8EC921C0D2911004972AD /* Clue.swift */ = {isa = PBXFileReference; fileEncoding = 4; lastKnownFileType = sourcecode.swift; path = Clue.swift; sourceTree = "<group>"; };
/* End PBXFileReference section */

/* Begin PBXFrameworksBuildPhase section */
		7BC8EC6A1C0D2805004972AD /* Frameworks */ = {
			isa = PBXFrameworksBuildPhase;
			buildActionMask = 2147483647;
			files = (
			);
			runOnlyForDeploymentPostprocessing = 0;
		};
		7BC8EC7F1C0D2805004972AD /* Frameworks */ = {
			isa = PBXFrameworksBuildPhase;
			buildActionMask = 2147483647;
			files = (
			);
			runOnlyForDeploymentPostprocessing = 0;
		};
/* End PBXFrameworksBuildPhase section */

/* Begin PBXGroup section */
		7BC8EC641C0D2805004972AD = {
			isa = PBXGroup;
			children = (
				7BC8EC6F1C0D2805004972AD /* BBtrebek */,
				7BC8EC851C0D2805004972AD /* BBtrebekTests */,
				7BC8EC6E1C0D2805004972AD /* Products */,
			);
			sourceTree = "<group>";
		};
		7BC8EC6E1C0D2805004972AD /* Products */ = {
			isa = PBXGroup;
			children = (
				7BC8EC6D1C0D2805004972AD /* BBtrebek.app */,
				7BC8EC821C0D2805004972AD /* BBtrebekTests.xctest */,
			);
			name = Products;
			sourceTree = "<group>";
		};
		7BC8EC6F1C0D2805004972AD /* BBtrebek */ = {
			isa = PBXGroup;
			children = (
				7BC8EC721C0D2805004972AD /* AppDelegate.swift */,
				7BC8EC741C0D2805004972AD /* ViewController.swift */,
				7BC8EC761C0D2805004972AD /* Main.storyboard */,
				7B58B3941C12BF7B007C4A1A /* NewGameController.swift */,
				7BC8EC791C0D2805004972AD /* Images.xcassets */,
				7BC8EC7B1C0D2805004972AD /* LaunchScreen.xib */,
				7BC8EC701C0D2805004972AD /* Supporting Files */,
				7BC8EC921C0D2911004972AD /* Clue.swift */,
				7B55B52F1C14C4EA005D2F8B /* Utils.swift */,
				7B58B3971C12BFF7007C4A1A /* Player.swift */,
			);
			path = BBtrebek;
			sourceTree = "<group>";
		};
		7BC8EC701C0D2805004972AD /* Supporting Files */ = {
			isa = PBXGroup;
			children = (
				7BC8EC711C0D2805004972AD /* Info.plist */,
			);
			name = "Supporting Files";
			sourceTree = "<group>";
		};
		7BC8EC851C0D2805004972AD /* BBtrebekTests */ = {
			isa = PBXGroup;
			children = (
				7BC8EC881C0D2805004972AD /* BBtrebekTests.swift */,
				7BC8EC861C0D2805004972AD /* Supporting Files */,
			);
			path = BBtrebekTests;
			sourceTree = "<group>";
		};
		7BC8EC861C0D2805004972AD /* Supporting Files */ = {
			isa = PBXGroup;
			children = (
				7BC8EC871C0D2805004972AD /* Info.plist */,
			);
			name = "Supporting Files";
			sourceTree = "<group>";
		};
/* End PBXGroup section */

/* Begin PBXNativeTarget section */
		7BC8EC6C1C0D2805004972AD /* BBtrebek */ = {
			isa = PBXNativeTarget;
			buildConfigurationList = 7BC8EC8C1C0D2805004972AD /* Build configuration list for PBXNativeTarget "BBtrebek" */;
			buildPhases = (
				7BC8EC691C0D2805004972AD /* Sources */,
				7BC8EC6A1C0D2805004972AD /* Frameworks */,
				7BC8EC6B1C0D2805004972AD /* Resources */,
			);
			buildRules = (
			);
			dependencies = (
			);
			name = BBtrebek;
			productName = BBtrebek;
			productReference = 7BC8EC6D1C0D2805004972AD /* BBtrebek.app */;
			productType = "com.apple.product-type.application";
		};
		7BC8EC811C0D2805004972AD /* BBtrebekTests */ = {
			isa = PBXNativeTarget;
			buildConfigurationList = 7BC8EC8F1C0D2805004972AD /* Build configuration list for PBXNativeTarget "BBtrebekTests" */;
			buildPhases = (
				7BC8EC7E1C0D2805004972AD /* Sources */,
				7BC8EC7F1C0D2805004972AD /* Frameworks */,
				7BC8EC801C0D2805004972AD /* Resources */,
			);
			buildRules = (
			);
			dependencies = (
				7BC8EC841C0D2805004972AD /* PBXTargetDependency */,
			);
			name = BBtrebekTests;
			productName = BBtrebekTests;
			productReference = 7BC8EC821C0D2805004972AD /* BBtrebekTests.xctest */;
			productType = "com.apple.product-type.bundle.unit-test";
		};
/* End PBXNativeTarget section */

/* Begin PBXProject section */
		7BC8EC651C0D2805004972AD /* Project object */ = {
			isa = PBXProject;
			attributes = {
				LastUpgradeCheck = 0640;
				ORGANIZATIONNAME = "Dean Silfen";
				TargetAttributes = {
					7BC8EC6C1C0D2805004972AD = {
						CreatedOnToolsVersion = 6.4;
						DevelopmentTeam = NRNGV5PHUG;
					};
					7BC8EC811C0D2805004972AD = {
						CreatedOnToolsVersion = 6.4;
						TestTargetID = 7BC8EC6C1C0D2805004972AD;
					};
				};
			};
			buildConfigurationList = 7BC8EC681C0D2805004972AD /* Build configuration list for PBXProject "BBtrebek" */;
			compatibilityVersion = "Xcode 3.2";
			developmentRegion = English;
			hasScannedForEncodings = 0;
			knownRegions = (
				en,
				Base,
			);
			mainGroup = 7BC8EC641C0D2805004972AD;
			productRefGroup = 7BC8EC6E1C0D2805004972AD /* Products */;
			projectDirPath = "";
			projectRoot = "";
			targets = (
				7BC8EC6C1C0D2805004972AD /* BBtrebek */,
				7BC8EC811C0D2805004972AD /* BBtrebekTests */,
			);
		};
/* End PBXProject section */

/* Begin PBXResourcesBuildPhase section */
		7BC8EC6B1C0D2805004972AD /* Resources */ = {
			isa = PBXResourcesBuildPhase;
			buildActionMask = 2147483647;
			files = (
				7BC8EC781C0D2805004972AD /* Main.storyboard in Resources */,
				7BC8EC7D1C0D2805004972AD /* LaunchScreen.xib in Resources */,
				7BC8EC7A1C0D2805004972AD /* Images.xcassets in Resources */,
			);
			runOnlyForDeploymentPostprocessing = 0;
		};
		7BC8EC801C0D2805004972AD /* Resources */ = {
			isa = PBXResourcesBuildPhase;
			buildActionMask = 2147483647;
			files = (
				7BAF90CA1C1354F300CC71A9 /* Main.storyboard in Resources */,
			);
			runOnlyForDeploymentPostprocessing = 0;
		};
/* End PBXResourcesBuildPhase section */

/* Begin PBXSourcesBuildPhase section */
		7BC8EC691C0D2805004972AD /* Sources */ = {
			isa = PBXSourcesBuildPhase;
			buildActionMask = 2147483647;
			files = (
				7BC8EC751C0D2805004972AD /* ViewController.swift in Sources */,
				7BC8EC931C0D2911004972AD /* Clue.swift in Sources */,
				7BAF90C81C134F0200CC71A9 /* NewGameController.swift in Sources */,
				7B55B5301C14C4EA005D2F8B /* Utils.swift in Sources */,
				7B58B3981C12BFF7007C4A1A /* Player.swift in Sources */,
				7BC8EC731C0D2805004972AD /* AppDelegate.swift in Sources */,
			);
			runOnlyForDeploymentPostprocessing = 0;
		};
		7BC8EC7E1C0D2805004972AD /* Sources */ = {
			isa = PBXSourcesBuildPhase;
			buildActionMask = 2147483647;
			files = (
				7B58B3961C12BF7B007C4A1A /* NewGameController.swift in Sources */,
				7B58B3991C12BFF7007C4A1A /* Player.swift in Sources */,
				7BAF90C91C134F1800CC71A9 /* Clue.swift in Sources */,
				7B55B5311C14C4EA005D2F8B /* Utils.swift in Sources */,
				7BAF90C71C134EDD00CC71A9 /* ViewController.swift in Sources */,
				7BC8EC891C0D2805004972AD /* BBtrebekTests.swift in Sources */,
			);
			runOnlyForDeploymentPostprocessing = 0;
		};
/* End PBXSourcesBuildPhase section */

/* Begin PBXTargetDependency section */
		7BC8EC841C0D2805004972AD /* PBXTargetDependency */ = {
			isa = PBXTargetDependency;
			target = 7BC8EC6C1C0D2805004972AD /* BBtrebek */;
			targetProxy = 7BC8EC831C0D2805004972AD /* PBXContainerItemProxy */;
		};
/* End PBXTargetDependency section */

/* Begin PBXVariantGroup section */
		7BC8EC761C0D2805004972AD /* Main.storyboard */ = {
			isa = PBXVariantGroup;
			children = (
				7BC8EC771C0D2805004972AD /* Base */,
			);
			name = Main.storyboard;
			sourceTree = "<group>";
		};
		7BC8EC7B1C0D2805004972AD /* LaunchScreen.xib */ = {
			isa = PBXVariantGroup;
			children = (
				7BC8EC7C1C0D2805004972AD /* Base */,
			);
			name = LaunchScreen.xib;
			sourceTree = "<group>";
		};
/* End PBXVariantGroup section */

/* Begin XCBuildConfiguration section */
		7BC8EC8A1C0D2805004972AD /* Debug */ = {
			isa = XCBuildConfiguration;
			buildSettings = {
				ALWAYS_SEARCH_USER_PATHS = NO;
				CLANG_CXX_LANGUAGE_STANDARD = "gnu++0x";
				CLANG_CXX_LIBRARY = "libc++";
				CLANG_ENABLE_MODULES = YES;
				CLANG_ENABLE_OBJC_ARC = YES;
				CLANG_WARN_BOOL_CONVERSION = YES;
				CLANG_WARN_CONSTANT_CONVERSION = YES;
				CLANG_WARN_DIRECT_OBJC_ISA_USAGE = YES_ERROR;
				CLANG_WARN_EMPTY_BODY = YES;
				CLANG_WARN_ENUM_CONVERSION = YES;
				CLANG_WARN_INT_CONVERSION = YES;
				CLANG_WARN_OBJC_ROOT_CLASS = YES_ERROR;
				CLANG_WARN_UNREACHABLE_CODE = YES;
				CLANG_WARN__DUPLICATE_METHOD_MATCH = YES;
				"CODE_SIGN_IDENTITY[sdk=iphoneos*]" = "iPhone Developer";
				COPY_PHASE_STRIP = NO;
				DEBUG_INFORMATION_FORMAT = "dwarf-with-dsym";
				ENABLE_STRICT_OBJC_MSGSEND = YES;
				GCC_C_LANGUAGE_STANDARD = gnu99;
				GCC_DYNAMIC_NO_PIC = NO;
				GCC_NO_COMMON_BLOCKS = YES;
				GCC_OPTIMIZATION_LEVEL = 0;
				GCC_PREPROCESSOR_DEFINITIONS = (
					"DEBUG=1",
					"$(inherited)",
				);
				GCC_SYMBOLS_PRIVATE_EXTERN = NO;
				GCC_WARN_64_TO_32_BIT_CONVERSION = YES;
				GCC_WARN_ABOUT_RETURN_TYPE = YES_ERROR;
				GCC_WARN_UNDECLARED_SELECTOR = YES;
				GCC_WARN_UNINITIALIZED_AUTOS = YES_AGGRESSIVE;
				GCC_WARN_UNUSED_FUNCTION = YES;
				GCC_WARN_UNUSED_VARIABLE = YES;
				IPHONEOS_DEPLOYMENT_TARGET = 8.4;
				MTL_ENABLE_DEBUG_INFO = YES;
				ONLY_ACTIVE_ARCH = YES;
				SDKROOT = iphoneos;
				SWIFT_OPTIMIZATION_LEVEL = "-Onone";
				TARGETED_DEVICE_FAMILY = "1,2";
			};
			name = Debug;
		};
		7BC8EC8B1C0D2805004972AD /* Release */ = {
			isa = XCBuildConfiguration;
			buildSettings = {
				ALWAYS_SEARCH_USER_PATHS = NO;
				CLANG_CXX_LANGUAGE_STANDARD = "gnu++0x";
				CLANG_CXX_LIBRARY = "libc++";
				CLANG_ENABLE_MODULES = YES;
				CLANG_ENABLE_OBJC_ARC = YES;
				CLANG_WARN_BOOL_CONVERSION = YES;
				CLANG_WARN_CONSTANT_CONVERSION = YES;
				CLANG_WARN_DIRECT_OBJC_ISA_USAGE = YES_ERROR;
				CLANG_WARN_EMPTY_BODY = YES;
				CLANG_WARN_ENUM_CONVERSION = YES;
				CLANG_WARN_INT_CONVERSION = YES;
				CLANG_WARN_OBJC_ROOT_CLASS = YES_ERROR;
				CLANG_WARN_UNREACHABLE_CODE = YES;
				CLANG_WARN__DUPLICATE_METHOD_MATCH = YES;
				"CODE_SIGN_IDENTITY[sdk=iphoneos*]" = "iPhone Developer";
				COPY_PHASE_STRIP = NO;
				DEBUG_INFORMATION_FORMAT = "dwarf-with-dsym";
				ENABLE_NS_ASSERTIONS = NO;
				ENABLE_STRICT_OBJC_MSGSEND = YES;
				GCC_C_LANGUAGE_STANDARD = gnu99;
				GCC_NO_COMMON_BLOCKS = YES;
				GCC_WARN_64_TO_32_BIT_CONVERSION = YES;
				GCC_WARN_ABOUT_RETURN_TYPE = YES_ERROR;
				GCC_WARN_UNDECLARED_SELECTOR = YES;
				GCC_WARN_UNINITIALIZED_AUTOS = YES_AGGRESSIVE;
				GCC_WARN_UNUSED_FUNCTION = YES;
				GCC_WARN_UNUSED_VARIABLE = YES;
				IPHONEOS_DEPLOYMENT_TARGET = 8.4;
				MTL_ENABLE_DEBUG_INFO = NO;
				SDKROOT = iphoneos;
				TARGETED_DEVICE_FAMILY = "1,2";
				VALIDATE_PRODUCT = YES;
			};
			name = Release;
		};
		7BC8EC8D1C0D2805004972AD /* Debug */ = {
			isa = XCBuildConfiguration;
			buildSettings = {
				ASSETCATALOG_COMPILER_APPICON_NAME = AppIcon;
				ASSETCATALOG_COMPILER_LAUNCHIMAGE_NAME = LaunchImage;
				CODE_SIGN_IDENTITY = "iPhone Developer";
				INFOPLIST_FILE = BBtrebek/Info.plist;
				LD_RUNPATH_SEARCH_PATHS = "$(inherited) @executable_path/Frameworks";
				PRODUCT_NAME = "$(TARGET_NAME)";
			};
			name = Debug;
		};
		7BC8EC8E1C0D2805004972AD /* Release */ = {
			isa = XCBuildConfiguration;
			buildSettings = {
				ASSETCATALOG_COMPILER_APPICON_NAME = AppIcon;
				ASSETCATALOG_COMPILER_LAUNCHIMAGE_NAME = LaunchImage;
				CODE_SIGN_IDENTITY = "iPhone Developer";
				INFOPLIST_FILE = BBtrebek/Info.plist;
				LD_RUNPATH_SEARCH_PATHS = "$(inherited) @executable_path/Frameworks";
				PRODUCT_NAME = "$(TARGET_NAME)";
			};
			name = Release;
		};
		7BC8EC901C0D2805004972AD /* Debug */ = {
			isa = XCBuildConfiguration;
			buildSettings = {
				BUNDLE_LOADER = "$(TEST_HOST)";
				FRAMEWORK_SEARCH_PATHS = (
					"$(SDKROOT)/Developer/Library/Frameworks",
					"$(inherited)",
				);
				GCC_PREPROCESSOR_DEFINITIONS = (
					"DEBUG=1",
					"$(inherited)",
				);
				INFOPLIST_FILE = BBtrebekTests/Info.plist;
				LD_RUNPATH_SEARCH_PATHS = "$(inherited) @executable_path/Frameworks @loader_path/Frameworks";
				PRODUCT_NAME = "$(TARGET_NAME)";
				TEST_HOST = "$(BUILT_PRODUCTS_DIR)/BBtrebek.app/BBtrebek";
			};
			name = Debug;
		};
		7BC8EC911C0D2805004972AD /* Release */ = {
			isa = XCBuildConfiguration;
			buildSettings = {
				BUNDLE_LOADER = "$(TEST_HOST)";
				FRAMEWORK_SEARCH_PATHS = (
					"$(SDKROOT)/Developer/Library/Frameworks",
					"$(inherited)",
				);
				INFOPLIST_FILE = BBtrebekTests/Info.plist;
				LD_RUNPATH_SEARCH_PATHS = "$(inherited) @executable_path/Frameworks @loader_path/Frameworks";
				PRODUCT_NAME = "$(TARGET_NAME)";
				TEST_HOST = "$(BUILT_PRODUCTS_DIR)/BBtrebek.app/BBtrebek";
			};
			name = Release;
		};
/* End XCBuildConfiguration section */

/* Begin XCConfigurationList section */
		7BC8EC681C0D2805004972AD /* Build configuration list for PBXProject "BBtrebek" */ = {
			isa = XCConfigurationList;
			buildConfigurations = (
				7BC8EC8A1C0D2805004972AD /* Debug */,
				7BC8EC8B1C0D2805004972AD /* Release */,
			);
			defaultConfigurationIsVisible = 0;
			defaultConfigurationName = Release;
		};
		7BC8EC8C1C0D2805004972AD /* Build configuration list for PBXNativeTarget "BBtrebek" */ = {
			isa = XCConfigurationList;
			buildConfigurations = (
				7BC8EC8D1C0D2805004972AD /* Debug */,
				7BC8EC8E1C0D2805004972AD /* Release */,
			);
			defaultConfigurationIsVisible = 0;
			defaultConfigurationName = Release;
		};
		7BC8EC8F1C0D2805004972AD /* Build configuration list for PBXNativeTarget "BBtrebekTests" */ = {
			isa = XCConfigurationList;
			buildConfigurations = (
				7BC8EC901C0D2805004972AD /* Debug */,
				7BC8EC911C0D2805004972AD /* Release */,
			);
			defaultConfigurationIsVisible = 0;
			defaultConfigurationName = Release;
		};
/* End XCConfigurationList section */
	};
	rootObject = 7BC8EC651C0D2805004972AD /* Project object */;
}
